{
  "name": "tokenHelper",
  "lockfileVersion": 2,
  "requires": true,
  "packages": {
    "": {
      "name": "tokenHelper",
      "dependencies": {
        "vali-token": "file:../common/vali-token"
      }
    },
    "../common/vali-token": {
      "version": "1.0.0",
      "license": "ISC",
      "dependencies": {
        "jwt-simple": "^0.5.6"
      }
    },
    "node_modules/vali-token": {
      "resolved": "../common/vali-token",
      "link": true
    }
  },
  "dependencies": {
    "vali-token": {
      "version": "file:../common/vali-token",
      "requires": {
        "jwt-simple": "^0.5.6"
      }
    }
  }
}
